// !$*UTF8*$!
{
	archiveVersion = 1;
	classes = {
	};
	objectVersion = 50;
	objects = {

/* Begin PBXBuildFile section */
		C938D47A236490B90064669D /* AppDelegate.swift in Sources */ = {isa = PBXBuildFile; fileRef = C938D479236490B90064669D /* AppDelegate.swift */; };
		C938D47C236490B90064669D /* ViewController.swift in Sources */ = {isa = PBXBuildFile; fileRef = C938D47B236490B90064669D /* ViewController.swift */; };
		C938D47F236490B90064669D /* Main.storyboard in Resources */ = {isa = PBXBuildFile; fileRef = C938D47D236490B90064669D /* Main.storyboard */; };
		C938D481236490C00064669D /* Assets.xcassets in Resources */ = {isa = PBXBuildFile; fileRef = C938D480236490C00064669D /* Assets.xcassets */; };
		C938D484236490C00064669D /* LaunchScreen.storyboard in Resources */ = {isa = PBXBuildFile; fileRef = C938D482236490C00064669D /* LaunchScreen.storyboard */; };
		C938D48C236492060064669D /* ContainerProtocol.swift in Sources */ = {isa = PBXBuildFile; fileRef = C938D48B236492060064669D /* ContainerProtocol.swift */; };
		C938D48E236499CF0064669D /* LinkedList.swift in Sources */ = {isa = PBXBuildFile; fileRef = C938D48D236499CF0064669D /* LinkedList.swift */; };
/* End PBXBuildFile section */

/* Begin PBXFileReference section */
		C938D476236490B90064669D /* BasicProtocolForContainers.app */ = {isa = PBXFileReference; explicitFileType = wrapper.application; includeInIndex = 0; path = BasicProtocolForContainers.app; sourceTree = BUILT_PRODUCTS_DIR; };
		C938D479236490B90064669D /* AppDelegate.swift */ = {isa = PBXFileReference; lastKnownFileType = sourcecode.swift; path = AppDelegate.swift; sourceTree = "<group>"; };
		C938D47B236490B90064669D /* ViewController.swift */ = {isa = PBXFileReference; lastKnownFileType = sourcecode.swift; path = ViewController.swift; sourceTree = "<group>"; };
		C938D47E236490B90064669D /* Base */ = {isa = PBXFileReference; lastKnownFileType = file.storyboard; name = Base; path = Base.lproj/Main.storyboard; sourceTree = "<group>"; };
		C938D480236490C00064669D /* Assets.xcassets */ = {isa = PBXFileReference; lastKnownFileType = folder.assetcatalog; path = Assets.xcassets; sourceTree = "<group>"; };
		C938D483236490C00064669D /* Base */ = {isa = PBXFileReference; lastKnownFileType = file.storyboard; name = Base; path = Base.lproj/LaunchScreen.storyboard; sourceTree = "<group>"; };
		C938D485236490C00064669D /* Info.plist */ = {isa = PBXFileReference; lastKnownFileType = text.plist.xml; path = Info.plist; sourceTree = "<group>"; };
		C938D48B236492060064669D /* ContainerProtocol.swift */ = {isa = PBXFileReference; lastKnownFileType = sourcecode.swift; path = ContainerProtocol.swift; sourceTree = "<group>"; };
		C938D48D236499CF0064669D /* LinkedList.swift */ = {isa = PBXFileReference; lastKnownFileType = sourcecode.swift; path = LinkedList.swift; sourceTree = "<group>"; };
/* End PBXFileReference section */

/* Begin PBXFrameworksBuildPhase section */
		C938D473236490B90064669D /* Frameworks */ = {
			isa = PBXFrameworksBuildPhase;
			buildActionMask = 2147483647;
			files = (
			);
			runOnlyForDeploymentPostprocessing = 0;
		};
/* End PBXFrameworksBuildPhase section */

/* Begin PBXGroup section */
		C938D46D236490B90064669D = {
			isa = PBXGroup;
			children = (
				C938D478236490B90064669D /* BasicProtocolForContainers */,
				C938D477236490B90064669D /* Products */,
			);
			sourceTree = "<group>";
		};
		C938D477236490B90064669D /* Products */ = {
			isa = PBXGroup;
			children = (
				C938D476236490B90064669D /* BasicProtocolForContainers.app */,
			);
			name = Products;
			sourceTree = "<group>";
		};
		C938D478236490B90064669D /* BasicProtocolForContainers */ = {
			isa = PBXGroup;
			children = (
				C938D479236490B90064669D /* AppDelegate.swift */,
				C938D47B236490B90064669D /* ViewController.swift */,
				C938D48B236492060064669D /* ContainerProtocol.swift */,
				C938D48D236499CF0064669D /* LinkedList.swift */,
				C938D47D236490B90064669D /* Main.storyboard */,
				C938D480236490C00064669D /* Assets.xcassets */,
				C938D482236490C00064669D /* LaunchScreen.storyboard */,
				C938D485236490C00064669D /* Info.plist */,
			);
			path = BasicProtocolForContainers;
			sourceTree = "<group>";
		};
/* End PBXGroup section */

/* Begin PBXNativeTarget section */
		C938D475236490B90064669D /* BasicProtocolForContainers */ = {
			isa = PBXNativeTarget;
			buildConfigurationList = C938D488236490C00064669D /* Build configuration list for PBXNativeTarget "BasicProtocolForContainers" */;
			buildPhases = (
				C938D472236490B90064669D /* Sources */,
				C938D473236490B90064669D /* Frameworks */,
				C938D474236490B90064669D /* Resources */,
			);
			buildRules = (
			);
			dependencies = (
			);
			name = BasicProtocolForContainers;
			productName = BasicProtocolForContainers;
			productReference = C938D476236490B90064669D /* BasicProtocolForContainers.app */;
			productType = "com.apple.product-type.application";
		};
/* End PBXNativeTarget section */

/* Begin PBXProject section */
		C938D46E236490B90064669D /* Project object */ = {
			isa = PBXProject;
			attributes = {
				LastSwiftUpdateCheck = 1030;
				LastUpgradeCheck = 1030;
				ORGANIZATIONNAME = "Ikhtiyor Nurmatov";
				TargetAttributes = {
					C938D475236490B90064669D = {
						CreatedOnToolsVersion = 10.3;
					};
				};
			};
			buildConfigurationList = C938D471236490B90064669D /* Build configuration list for PBXProject "BasicProtocolForContainers" */;
			compatibilityVersion = "Xcode 9.3";
			developmentRegion = en;
			hasScannedForEncodings = 0;
			knownRegions = (
				en,
				Base,
			);
			mainGroup = C938D46D236490B90064669D;
			productRefGroup = C938D477236490B90064669D /* Products */;
			projectDirPath = "";
			projectRoot = "";
			targets = (
				C938D475236490B90064669D /* BasicProtocolForContainers */,
			);
		};
/* End PBXProject section */

/* Begin PBXResourcesBuildPhase section */
		C938D474236490B90064669D /* Resources */ = {
			isa = PBXResourcesBuildPhase;
			buildActionMask = 2147483647;
			files = (
				C938D484236490C00064669D /* LaunchScreen.storyboard in Resources */,
				C938D481236490C00064669D /* Assets.xcassets in Resources */,
				C938D47F236490B90064669D /* Main.storyboard in Resources */,
			);
			runOnlyForDeploymentPostprocessing = 0;
		};
/* End PBXResourcesBuildPhase section */

/* Begin PBXSourcesBuildPhase section */
		C938D472236490B90064669D /* Sources */ = {
			isa = PBXSourcesBuildPhase;
			buildActionMask = 2147483647;
			files = (
				C938D48C236492060064669D /* ContainerProtocol.swift in Sources */,
				C938D47C236490B90064669D /* ViewController.swift in Sources */,
				C938D48E236499CF0064669D /* LinkedList.swift in Sources */,
				C938D47A236490B90064669D /* AppDelegate.swift in Sources */,
			);
			runOnlyForDeploymentPostprocessing = 0;
		};
/* End PBXSourcesBuildPhase section */

/* Begin PBXVariantGroup section */
		C938D47D236490B90064669D /* Main.storyboard */ = {
			isa = PBXVariantGroup;
			children = (
				C938D47E236490B90064669D /* Base */,
			);
			name = Main.storyboard;
			sourceTree = "<group>";
		};
		C938D482236490C00064669D /* LaunchScreen.storyboard */ = {
			isa = PBXVariantGroup;
			children = (
				C938D483236490C00064669D /* Base */,
			);
			name = LaunchScreen.storyboard;
			sourceTree = "<group>";
		};
/* End PBXVariantGroup section */

/* Begin XCBuildConfiguration section */
		C938D486236490C00064669D /* Debug */ = {
			isa = XCBuildConfiguration;
			buildSettings = {
				ALWAYS_SEARCH_USER_PATHS = NO;
				CLANG_ANALYZER_NONNULL = YES;
				CLANG_ANALYZER_NUMBER_OBJECT_CONVERSION = YES_AGGRESSIVE;
				CLANG_CXX_LANGUAGE_STANDARD = "gnu++14";
				CLANG_CXX_LIBRARY = "libc++";
				CLANG_ENABLE_MODULES = YES;
				CLANG_ENABLE_OBJC_ARC = YES;
				CLANG_ENABLE_OBJC_WEAK = YES;
				CLANG_WARN_BLOCK_CAPTURE_AUTORELEASING = YES;
				CLANG_WARN_BOOL_CONVERSION = YES;
				CLANG_WARN_COMMA = YES;
				CLANG_WARN_CONSTANT_CONVERSION = YES;
				CLANG_WARN_DEPRECATED_OBJC_IMPLEMENTATIONS = YES;
				CLANG_WARN_DIRECT_OBJC_ISA_USAGE = YES_ERROR;
				CLANG_WARN_DOCUMENTATION_COMMENTS = YES;
				CLANG_WARN_EMPTY_BODY = YES;
				CLANG_WARN_ENUM_CONVERSION = YES;
				CLANG_WARN_INFINITE_RECURSION = YES;
				CLANG_WARN_INT_CONVERSION = YES;
				CLANG_WARN_NON_LITERAL_NULL_CONVERSION = YES;
				CLANG_WARN_OBJC_IMPLICIT_RETAIN_SELF = YES;
				CLANG_WARN_OBJC_LITERAL_CONVERSION = YES;
				CLANG_WARN_OBJC_ROOT_CLASS = YES_ERROR;
				CLANG_WARN_RANGE_LOOP_ANALYSIS = YES;
				CLANG_WARN_STRICT_PROTOTYPES = YES;
				CLANG_WARN_SUSPICIOUS_MOVE = YES;
				CLANG_WARN_UNGUARDED_AVAILABILITY = YES_AGGRESSIVE;
				CLANG_WARN_UNREACHABLE_CODE = YES;
				CLANG_WARN__DUPLICATE_METHOD_MATCH = YES;
				CODE_SIGN_IDENTITY = "iPhone Developer";
				COPY_PHASE_STRIP = NO;
				DEBUG_INFORMATION_FORMAT = dwarf;
				ENABLE_STRICT_OBJC_MSGSEND = YES;
				ENABLE_TESTABILITY = YES;
				GCC_C_LANGUAGE_STANDARD = gnu11;
				GCC_DYNAMIC_NO_PIC = NO;
				GCC_NO_COMMON_BLOCKS = YES;
				GCC_OPTIMIZATION_LEVEL = 0;
				GCC_PREPROCESSOR_DEFINITIONS = (
					"DEBUG=1",
					"$(inherited)",
				);
				GCC_WARN_64_TO_32_BIT_CONVERSION = YES;
				GCC_WARN_ABOUT_RETURN_TYPE = YES_ERROR;
				GCC_WARN_UNDECLARED_SELECTOR = YES;
				GCC_WARN_UNINITIALIZED_AUTOS = YES_AGGRESSIVE;
				GCC_WARN_UNUSED_FUNCTION = YES;
				GCC_WARN_UNUSED_VARIABLE = YES;
				IPHONEOS_DEPLOYMENT_TARGET = 12.4;
				MTL_ENABLE_DEBUG_INFO = INCLUDE_SOURCE;
				MTL_FAST_MATH = YES;
				ONLY_ACTIVE_ARCH = YES;
				SDKROOT = iphoneos;
				SWIFT_ACTIVE_COMPILATION_CONDITIONS = DEBUG;
				SWIFT_OPTIMIZATION_LEVEL = "-Onone";
			};
			name = Debug;
		};
		C938D487236490C00064669D /* Release */ = {
			isa = XCBuildConfiguration;
			buildSettings = {
				ALWAYS_SEARCH_USER_PATHS = NO;
				CLANG_ANALYZER_NONNULL = YES;
				CLANG_ANALYZER_NUMBER_OBJECT_CONVERSION = YES_AGGRESSIVE;
				CLANG_CXX_LANGUAGE_STANDARD = "gnu++14";
				CLANG_CXX_LIBRARY = "libc++";
				CLANG_ENABLE_MODULES = YES;
				CLANG_ENABLE_OBJC_ARC = YES;
				CLANG_ENABLE_OBJC_WEAK = YES;
				CLANG_WARN_BLOCK_CAPTURE_AUTORELEASING = YES;
				CLANG_WARN_BOOL_CONVERSION = YES;
				CLANG_WARN_COMMA = YES;
				CLANG_WARN_CONSTANT_CONVERSION = YES;
				CLANG_WARN_DEPRECATED_OBJC_IMPLEMENTATIONS = YES;
				CLANG_WARN_DIRECT_OBJC_ISA_USAGE = YES_ERROR;
				CLANG_WARN_DOCUMENTATION_COMMENTS = YES;
				CLANG_WARN_EMPTY_BODY = YES;
				CLANG_WARN_ENUM_CONVERSION = YES;
				CLANG_WARN_INFINITE_RECURSION = YES;
				CLANG_WARN_INT_CONVERSION = YES;
				CLANG_WARN_NON_LITERAL_NULL_CONVERSION = YES;
				CLANG_WARN_OBJC_IMPLICIT_RETAIN_SELF = YES;
				CLANG_WARN_OBJC_LITERAL_CONVERSION = YES;
				CLANG_WARN_OBJC_ROOT_CLASS = YES_ERROR;
				CLANG_WARN_RANGE_LOOP_ANALYSIS = YES;
				CLANG_WARN_STRICT_PROTOTYPES = YES;
				CLANG_WARN_SUSPICIOUS_MOVE = YES;
				CLANG_WARN_UNGUARDED_AVAILABILITY = YES_AGGRESSIVE;
				CLANG_WARN_UNREACHABLE_CODE = YES;
				CLANG_WARN__DUPLICATE_METHOD_MATCH = YES;
				CODE_SIGN_IDENTITY = "iPhone Developer";
				COPY_PHASE_STRIP = NO;
				DEBUG_INFORMATION_FORMAT = "dwarf-with-dsym";
				ENABLE_NS_ASSERTIONS = NO;
				ENABLE_STRICT_OBJC_MSGSEND = YES;
				GCC_C_LANGUAGE_STANDARD = gnu11;
				GCC_NO_COMMON_BLOCKS = YES;
				GCC_WARN_64_TO_32_BIT_CONVERSION = YES;
				GCC_WARN_ABOUT_RETURN_TYPE = YES_ERROR;
				GCC_WARN_UNDECLARED_SELECTOR = YES;
				GCC_WARN_UNINITIALIZED_AUTOS = YES_AGGRESSIVE;
				GCC_WARN_UNUSED_FUNCTION = YES;
				GCC_WARN_UNUSED_VARIABLE = YES;
				IPHONEOS_DEPLOYMENT_TARGET = 12.4;
				MTL_ENABLE_DEBUG_INFO = NO;
				MTL_FAST_MATH = YES;
				SDKROOT = iphoneos;
				SWIFT_COMPILATION_MODE = wholemodule;
				SWIFT_OPTIMIZATION_LEVEL = "-O";
				VALIDATE_PRODUCT = YES;
			};
			name = Release;
		};
		C938D489236490C00064669D /* Debug */ = {
			isa = XCBuildConfiguration;
			buildSettings = {
				ASSETCATALOG_COMPILER_APPICON_NAME = AppIcon;
				CODE_SIGN_STYLE = Automatic;
				DEVELOPMENT_TEAM = M6FFH4WFY5;
				INFOPLIST_FILE = BasicProtocolForContainers/Info.plist;
				LD_RUNPATH_SEARCH_PATHS = (
					"$(inherited)",
					"@executable_path/Frameworks",
				);
				PRODUCT_BUNDLE_IDENTIFIER = me.nurmatov.ikhtiyor.BasicProtocolForContainers;
				PRODUCT_NAME = "$(TARGET_NAME)";
				SWIFT_VERSION = 5.0;
				TARGETED_DEVICE_FAMILY = "1,2";
			};
			name = Debug;
		};
		C938D48A236490C00064669D /* Release */ = {
			isa = XCBuildConfiguration;
			buildSettings = {
				ASSETCATALOG_COMPILER_APPICON_NAME = AppIcon;
				CODE_SIGN_STYLE = Automatic;
				DEVELOPMENT_TEAM = M6FFH4WFY5;
				INFOPLIST_FILE = BasicProtocolForContainers/Info.plist;
				LD_RUNPATH_SEARCH_PATHS = (
					"$(inherited)",
					"@executable_path/Frameworks",
				);
				PRODUCT_BUNDLE_IDENTIFIER = me.nurmatov.ikhtiyor.BasicProtocolForContainers;
				PRODUCT_NAME = "$(TARGET_NAME)";
				SWIFT_VERSION = 5.0;
				TARGETED_DEVICE_FAMILY = "1,2";
			};
			name = Release;
		};
/* End XCBuildConfiguration section */

/* Begin XCConfigurationList section */
		C938D471236490B90064669D /* Build configuration list for PBXProject "BasicProtocolForContainers" */ = {
			isa = XCConfigurationList;
			buildConfigurations = (
				C938D486236490C00064669D /* Debug */,
				C938D487236490C00064669D /* Release */,
			);
			defaultConfigurationIsVisible = 0;
			defaultConfigurationName = Release;
		};
		C938D488236490C00064669D /* Build configuration list for PBXNativeTarget "BasicProtocolForContainers" */ = {
			isa = XCConfigurationList;
			buildConfigurations = (
				C938D489236490C00064669D /* Debug */,
				C938D48A236490C00064669D /* Release */,
			);
			defaultConfigurationIsVisible = 0;
			defaultConfigurationName = Release;
		};
/* End XCConfigurationList section */
	};
	rootObject = C938D46E236490B90064669D /* Project object */;
}
